
Microsoft Visual Studio Solution File, Format Version 12.00
Project("{FAE04EC0-301F-11D3-BF4B-00C04F79EFBC}") = "TicTacToeWebApp", "TicTacToeWebApp\TicTacToeWebApp.csproj", "{983E8051-64EC-404E-A7E7-CC040C02D098}"
EndProject
Global
	GlobalSection(SolutionConfigurationPlatforms) = preSolution
		Debug|Any CPU = Debug|Any CPU
		Release|Any CPU = Release|Any CPU
	EndGlobalSection
	GlobalSection(ProjectConfigurationPlatforms) = postSolution
		{983E8051-64EC-404E-A7E7-CC040C02D098}.Debug|Any CPU.ActiveCfg = Debug|Any CPU
		{983E8051-64EC-404E-A7E7-CC040C02D098}.Debug|Any CPU.Build.0 = Debug|Any CPU
		{983E8051-64EC-404E-A7E7-CC040C02D098}.Release|Any CPU.ActiveCfg = Release|Any CPU
		{983E8051-64EC-404E-A7E7-CC040C02D098}.Release|Any CPU.Build.0 = Release|Any CPU
	EndGlobalSection
EndGlobal
